// !$*UTF8*$!
{
	archiveVersion = 1;
	classes = {
	};
	objectVersion = 55;
	objects = {

/* Begin PBXBuildFile section */
		062B081C28C093C5003BCDB6 /* SystemStatus.swift in Sources */ = {isa = PBXBuildFile; fileRef = 062B081B28C093C5003BCDB6 /* SystemStatus.swift */; };
		066134EE28DC8817000C01B7 /* Alamofire in Frameworks */ = {isa = PBXBuildFile; productRef = 066134ED28DC8817000C01B7 /* Alamofire */; };
		06AFAF9428BE093B00EF33FD /* AppleServiceCurrentApp.swift in Sources */ = {isa = PBXBuildFile; fileRef = 06AFAF9328BE093B00EF33FD /* AppleServiceCurrentApp.swift */; };
		06AFAF9828BE093D00EF33FD /* Assets.xcassets in Resources */ = {isa = PBXBuildFile; fileRef = 06AFAF9728BE093D00EF33FD /* Assets.xcassets */; };
		06AFAF9B28BE093D00EF33FD /* Preview Assets.xcassets in Resources */ = {isa = PBXBuildFile; fileRef = 06AFAF9A28BE093D00EF33FD /* Preview Assets.xcassets */; };
		06AFAFA528BE0A1B00EF33FD /* ServiceName.swift in Sources */ = {isa = PBXBuildFile; fileRef = 06AFAFA428BE0A1B00EF33FD /* ServiceName.swift */; };
		06AFAFA728BE0A4200EF33FD /* SettingsView.swift in Sources */ = {isa = PBXBuildFile; fileRef = 06AFAFA628BE0A4200EF33FD /* SettingsView.swift */; };
		06AFAFA928BE0A6400EF33FD /* BasicView.swift in Sources */ = {isa = PBXBuildFile; fileRef = 06AFAFA828BE0A6400EF33FD /* BasicView.swift */; };
		06AFAFAB28BE0A8400EF33FD /* DeveloperView.swift in Sources */ = {isa = PBXBuildFile; fileRef = 06AFAFAA28BE0A8400EF33FD /* DeveloperView.swift */; };
		06AFAFAD28BE0AA800EF33FD /* DetailView.swift in Sources */ = {isa = PBXBuildFile; fileRef = 06AFAFAC28BE0AA800EF33FD /* DetailView.swift */; };
		06AFAFB128BE0B3700EF33FD /* LICENSE in Resources */ = {isa = PBXBuildFile; fileRef = 06AFAFAF28BE0B3700EF33FD /* LICENSE */; };
		06AFAFB228BE0B3700EF33FD /* README.md in Resources */ = {isa = PBXBuildFile; fileRef = 06AFAFB028BE0B3700EF33FD /* README.md */; };
		06AFAFB528BE0B8100EF33FD /* .gitignore in Resources */ = {isa = PBXBuildFile; fileRef = 06AFAFB328BE0B8100EF33FD /* .gitignore */; };
		06AFAFB628BE0B8100EF33FD /* .swift-version in Resources */ = {isa = PBXBuildFile; fileRef = 06AFAFB428BE0B8100EF33FD /* .swift-version */; };
		06AFAFB828BE0B9A00EF33FD /* .github in Resources */ = {isa = PBXBuildFile; fileRef = 06AFAFB728BE0B9A00EF33FD /* .github */; };
/* End PBXBuildFile section */

/* Begin PBXFileReference section */
		062B081B28C093C5003BCDB6 /* SystemStatus.swift */ = {isa = PBXFileReference; lastKnownFileType = sourcecode.swift; path = SystemStatus.swift; sourceTree = "<group>"; };
		06AFAF9028BE093B00EF33FD /* ServCurrent.app */ = {isa = PBXFileReference; explicitFileType = wrapper.application; includeInIndex = 0; path = ServCurrent.app; sourceTree = BUILT_PRODUCTS_DIR; };
		06AFAF9328BE093B00EF33FD /* AppleServiceCurrentApp.swift */ = {isa = PBXFileReference; lastKnownFileType = sourcecode.swift; path = AppleServiceCurrentApp.swift; sourceTree = "<group>"; };
		06AFAF9728BE093D00EF33FD /* Assets.xcassets */ = {isa = PBXFileReference; lastKnownFileType = folder.assetcatalog; path = Assets.xcassets; sourceTree = "<group>"; };
		06AFAF9A28BE093D00EF33FD /* Preview Assets.xcassets */ = {isa = PBXFileReference; lastKnownFileType = folder.assetcatalog; path = "Preview Assets.xcassets"; sourceTree = "<group>"; };
		06AFAFA428BE0A1B00EF33FD /* ServiceName.swift */ = {isa = PBXFileReference; lastKnownFileType = sourcecode.swift; path = ServiceName.swift; sourceTree = "<group>"; };
		06AFAFA628BE0A4200EF33FD /* SettingsView.swift */ = {isa = PBXFileReference; lastKnownFileType = sourcecode.swift; path = SettingsView.swift; sourceTree = "<group>"; };
		06AFAFA828BE0A6400EF33FD /* BasicView.swift */ = {isa = PBXFileReference; lastKnownFileType = sourcecode.swift; path = BasicView.swift; sourceTree = "<group>"; };
		06AFAFAA28BE0A8400EF33FD /* DeveloperView.swift */ = {isa = PBXFileReference; lastKnownFileType = sourcecode.swift; path = DeveloperView.swift; sourceTree = "<group>"; };
		06AFAFAC28BE0AA800EF33FD /* DetailView.swift */ = {isa = PBXFileReference; lastKnownFileType = sourcecode.swift; path = DetailView.swift; sourceTree = "<group>"; };
		06AFAFAF28BE0B3700EF33FD /* LICENSE */ = {isa = PBXFileReference; fileEncoding = 4; lastKnownFileType = text; path = LICENSE; sourceTree = "<group>"; };
		06AFAFB028BE0B3700EF33FD /* README.md */ = {isa = PBXFileReference; fileEncoding = 4; lastKnownFileType = net.daringfireball.markdown; path = README.md; sourceTree = "<group>"; };
		06AFAFB328BE0B8100EF33FD /* .gitignore */ = {isa = PBXFileReference; fileEncoding = 4; lastKnownFileType = text; path = .gitignore; sourceTree = "<group>"; };
		06AFAFB428BE0B8100EF33FD /* .swift-version */ = {isa = PBXFileReference; fileEncoding = 4; lastKnownFileType = text; path = ".swift-version"; sourceTree = "<group>"; };
		06AFAFB728BE0B9A00EF33FD /* .github */ = {isa = PBXFileReference; lastKnownFileType = folder; path = .github; sourceTree = "<group>"; };
/* End PBXFileReference section */

/* Begin PBXFrameworksBuildPhase section */
		06AFAF8D28BE093B00EF33FD /* Frameworks */ = {
			isa = PBXFrameworksBuildPhase;
			buildActionMask = 2147483647;
			files = (
				066134EE28DC8817000C01B7 /* Alamofire in Frameworks */,
			);
			runOnlyForDeploymentPostprocessing = 0;
		};
/* End PBXFrameworksBuildPhase section */

/* Begin PBXGroup section */
		06AFAF8728BE093B00EF33FD = {
			isa = PBXGroup;
			children = (
				06AFAFAE28BE0B0100EF33FD /* MISC */,
				06AFAF9228BE093B00EF33FD /* AppleServiceCurrent */,
				06AFAF9128BE093B00EF33FD /* Products */,
			);
			sourceTree = "<group>";
		};
		06AFAF9128BE093B00EF33FD /* Products */ = {
			isa = PBXGroup;
			children = (
				06AFAF9028BE093B00EF33FD /* ServCurrent.app */,
			);
			name = Products;
			sourceTree = "<group>";
		};
		06AFAF9228BE093B00EF33FD /* AppleServiceCurrent */ = {
			isa = PBXGroup;
			children = (
				06AFAF9728BE093D00EF33FD /* Assets.xcassets */,
				06AFAFA128BE09E800EF33FD /* Struct */,
				06AFAF9328BE093B00EF33FD /* AppleServiceCurrentApp.swift */,
				06AFAFA628BE0A4200EF33FD /* SettingsView.swift */,
				06AFAFA828BE0A6400EF33FD /* BasicView.swift */,
				06AFAFAA28BE0A8400EF33FD /* DeveloperView.swift */,
				06AFAFAC28BE0AA800EF33FD /* DetailView.swift */,
				06AFAF9928BE093D00EF33FD /* Preview Content */,
			);
			path = AppleServiceCurrent;
			sourceTree = "<group>";
		};
		06AFAF9928BE093D00EF33FD /* Preview Content */ = {
			isa = PBXGroup;
			children = (
				06AFAF9A28BE093D00EF33FD /* Preview Assets.xcassets */,
			);
			path = "Preview Content";
			sourceTree = "<group>";
		};
		06AFAFA128BE09E800EF33FD /* Struct */ = {
			isa = PBXGroup;
			children = (
				06AFAFA428BE0A1B00EF33FD /* ServiceName.swift */,
				062B081B28C093C5003BCDB6 /* SystemStatus.swift */,
			);
			path = Struct;
			sourceTree = "<group>";
		};
		06AFAFAE28BE0B0100EF33FD /* MISC */ = {
			isa = PBXGroup;
			children = (
				06AFAFB728BE0B9A00EF33FD /* .github */,
				06AFAFB328BE0B8100EF33FD /* .gitignore */,
				06AFAFB428BE0B8100EF33FD /* .swift-version */,
				06AFAFAF28BE0B3700EF33FD /* LICENSE */,
				06AFAFB028BE0B3700EF33FD /* README.md */,
			);
			name = MISC;
			sourceTree = "<group>";
		};
/* End PBXGroup section */

/* Begin PBXNativeTarget section */
		06AFAF8F28BE093B00EF33FD /* AppleServiceCurrent */ = {
			isa = PBXNativeTarget;
			buildConfigurationList = 06AFAF9E28BE093D00EF33FD /* Build configuration list for PBXNativeTarget "AppleServiceCurrent" */;
			buildPhases = (
				06AFAFB928BE0BCE00EF33FD /* Run SwiftFormat */,
				06AFAFBA28BE0BE700EF33FD /* Run SwiftLint */,
				06AFAF8C28BE093B00EF33FD /* Sources */,
				06AFAF8D28BE093B00EF33FD /* Frameworks */,
				06AFAF8E28BE093B00EF33FD /* Resources */,
			);
			buildRules = (
			);
			dependencies = (
			);
			name = AppleServiceCurrent;
			packageProductDependencies = (
				066134ED28DC8817000C01B7 /* Alamofire */,
			);
			productName = AppleServiceCurrent;
			productReference = 06AFAF9028BE093B00EF33FD /* ServCurrent.app */;
			productType = "com.apple.product-type.application";
		};
/* End PBXNativeTarget section */

/* Begin PBXProject section */
		06AFAF8828BE093B00EF33FD /* Project object */ = {
			isa = PBXProject;
			attributes = {
				BuildIndependentTargetsInParallel = 1;
				LastSwiftUpdateCheck = 1340;
				LastUpgradeCheck = 1340;
				TargetAttributes = {
					06AFAF8F28BE093B00EF33FD = {
						CreatedOnToolsVersion = 13.4.1;
					};
				};
			};
			buildConfigurationList = 06AFAF8B28BE093B00EF33FD /* Build configuration list for PBXProject "AppleServiceCurrent" */;
			compatibilityVersion = "Xcode 13.0";
			developmentRegion = en;
			hasScannedForEncodings = 0;
			knownRegions = (
				en,
				Base,
			);
			mainGroup = 06AFAF8728BE093B00EF33FD;
			packageReferences = (
				066134EC28DC8817000C01B7 /* XCRemoteSwiftPackageReference "Alamofire" */,
			);
			productRefGroup = 06AFAF9128BE093B00EF33FD /* Products */;
			projectDirPath = "";
			projectRoot = "";
			targets = (
				06AFAF8F28BE093B00EF33FD /* AppleServiceCurrent */,
			);
		};
/* End PBXProject section */

/* Begin PBXResourcesBuildPhase section */
		06AFAF8E28BE093B00EF33FD /* Resources */ = {
			isa = PBXResourcesBuildPhase;
			buildActionMask = 2147483647;
			files = (
				06AFAFB528BE0B8100EF33FD /* .gitignore in Resources */,
				06AFAFB128BE0B3700EF33FD /* LICENSE in Resources */,
				06AFAF9B28BE093D00EF33FD /* Preview Assets.xcassets in Resources */,
				06AFAFB828BE0B9A00EF33FD /* .github in Resources */,
				06AFAFB228BE0B3700EF33FD /* README.md in Resources */,
				06AFAFB628BE0B8100EF33FD /* .swift-version in Resources */,
				06AFAF9828BE093D00EF33FD /* Assets.xcassets in Resources */,
			);
			runOnlyForDeploymentPostprocessing = 0;
		};
/* End PBXResourcesBuildPhase section */

/* Begin PBXShellScriptBuildPhase section */
		06AFAFB928BE0BCE00EF33FD /* Run SwiftFormat */ = {
			isa = PBXShellScriptBuildPhase;
			buildActionMask = 2147483647;
			files = (
			);
			inputFileListPaths = (
			);
			inputPaths = (
			);
			name = "Run SwiftFormat";
			outputFileListPaths = (
			);
			outputPaths = (
			);
			runOnlyForDeploymentPostprocessing = 0;
			shellPath = /bin/sh;
			shellScript = "export PATH=\"$PATH:/opt/homebrew/bin\"\nif which swiftformat >/dev/null; then\n  swiftformat .\nelse\n  echo \"warning: SwiftFormat not installed, download from https://github.com/nicklockwood/SwiftFormat\"\nfi\n";
		};
		06AFAFBA28BE0BE700EF33FD /* Run SwiftLint */ = {
			isa = PBXShellScriptBuildPhase;
			buildActionMask = 2147483647;
			files = (
			);
			inputFileListPaths = (
			);
			inputPaths = (
			);
			name = "Run SwiftLint";
			outputFileListPaths = (
			);
			outputPaths = (
			);
			runOnlyForDeploymentPostprocessing = 0;
			shellPath = /bin/sh;
			shellScript = "export PATH=\"$PATH:/opt/homebrew/bin\"\nif which swiftlint > /dev/null; then\n  swiftlint\nelse\n  echo \"warning: SwiftLint not installed, download from https://github.com/realm/SwiftLint\"\nfi\n";
		};
/* End PBXShellScriptBuildPhase section */

/* Begin PBXSourcesBuildPhase section */
		06AFAF8C28BE093B00EF33FD /* Sources */ = {
			isa = PBXSourcesBuildPhase;
			buildActionMask = 2147483647;
			files = (
				06AFAFA528BE0A1B00EF33FD /* ServiceName.swift in Sources */,
				06AFAFA728BE0A4200EF33FD /* SettingsView.swift in Sources */,
				06AFAFA928BE0A6400EF33FD /* BasicView.swift in Sources */,
				062B081C28C093C5003BCDB6 /* SystemStatus.swift in Sources */,
				06AFAFAD28BE0AA800EF33FD /* DetailView.swift in Sources */,
				06AFAFAB28BE0A8400EF33FD /* DeveloperView.swift in Sources */,
				06AFAF9428BE093B00EF33FD /* AppleServiceCurrentApp.swift in Sources */,
			);
			runOnlyForDeploymentPostprocessing = 0;
		};
/* End PBXSourcesBuildPhase section */

/* Begin XCBuildConfiguration section */
		06AFAF9C28BE093D00EF33FD /* Debug */ = {
			isa = XCBuildConfiguration;
			buildSettings = {
				ALWAYS_SEARCH_USER_PATHS = NO;
				CLANG_ANALYZER_NONNULL = YES;
				CLANG_ANALYZER_NUMBER_OBJECT_CONVERSION = YES_AGGRESSIVE;
				CLANG_CXX_LANGUAGE_STANDARD = "gnu++17";
				CLANG_ENABLE_MODULES = YES;
				CLANG_ENABLE_OBJC_ARC = YES;
				CLANG_ENABLE_OBJC_WEAK = YES;
				CLANG_WARN_BLOCK_CAPTURE_AUTORELEASING = YES;
				CLANG_WARN_BOOL_CONVERSION = YES;
				CLANG_WARN_COMMA = YES;
				CLANG_WARN_CONSTANT_CONVERSION = YES;
				CLANG_WARN_DEPRECATED_OBJC_IMPLEMENTATIONS = YES;
				CLANG_WARN_DIRECT_OBJC_ISA_USAGE = YES_ERROR;
				CLANG_WARN_DOCUMENTATION_COMMENTS = YES;
				CLANG_WARN_EMPTY_BODY = YES;
				CLANG_WARN_ENUM_CONVERSION = YES;
				CLANG_WARN_INFINITE_RECURSION = YES;
				CLANG_WARN_INT_CONVERSION = YES;
				CLANG_WARN_NON_LITERAL_NULL_CONVERSION = YES;
				CLANG_WARN_OBJC_IMPLICIT_RETAIN_SELF = YES;
				CLANG_WARN_OBJC_LITERAL_CONVERSION = YES;
				CLANG_WARN_OBJC_ROOT_CLASS = YES_ERROR;
				CLANG_WARN_QUOTED_INCLUDE_IN_FRAMEWORK_HEADER = YES;
				CLANG_WARN_RANGE_LOOP_ANALYSIS = YES;
				CLANG_WARN_STRICT_PROTOTYPES = YES;
				CLANG_WARN_SUSPICIOUS_MOVE = YES;
				CLANG_WARN_UNGUARDED_AVAILABILITY = YES_AGGRESSIVE;
				CLANG_WARN_UNREACHABLE_CODE = YES;
				CLANG_WARN__DUPLICATE_METHOD_MATCH = YES;
				COPY_PHASE_STRIP = NO;
				DEBUG_INFORMATION_FORMAT = dwarf;
				ENABLE_STRICT_OBJC_MSGSEND = YES;
				ENABLE_TESTABILITY = YES;
				GCC_C_LANGUAGE_STANDARD = gnu11;
				GCC_DYNAMIC_NO_PIC = NO;
				GCC_NO_COMMON_BLOCKS = YES;
				GCC_OPTIMIZATION_LEVEL = 0;
				GCC_PREPROCESSOR_DEFINITIONS = (
					"DEBUG=1",
					"$(inherited)",
				);
				GCC_WARN_64_TO_32_BIT_CONVERSION = YES;
				GCC_WARN_ABOUT_RETURN_TYPE = YES_ERROR;
				GCC_WARN_UNDECLARED_SELECTOR = YES;
				GCC_WARN_UNINITIALIZED_AUTOS = YES_AGGRESSIVE;
				GCC_WARN_UNUSED_FUNCTION = YES;
				GCC_WARN_UNUSED_VARIABLE = YES;
				IPHONEOS_DEPLOYMENT_TARGET = 15.0;
				MTL_ENABLE_DEBUG_INFO = INCLUDE_SOURCE;
				MTL_FAST_MATH = YES;
				ONLY_ACTIVE_ARCH = YES;
				SDKROOT = iphoneos;
				SWIFT_ACTIVE_COMPILATION_CONDITIONS = DEBUG;
				SWIFT_OPTIMIZATION_LEVEL = "-Onone";
			};
			name = Debug;
		};
		06AFAF9D28BE093D00EF33FD /* Release */ = {
			isa = XCBuildConfiguration;
			buildSettings = {
				ALWAYS_SEARCH_USER_PATHS = NO;
				CLANG_ANALYZER_NONNULL = YES;
				CLANG_ANALYZER_NUMBER_OBJECT_CONVERSION = YES_AGGRESSIVE;
				CLANG_CXX_LANGUAGE_STANDARD = "gnu++17";
				CLANG_ENABLE_MODULES = YES;
				CLANG_ENABLE_OBJC_ARC = YES;
				CLANG_ENABLE_OBJC_WEAK = YES;
				CLANG_WARN_BLOCK_CAPTURE_AUTORELEASING = YES;
				CLANG_WARN_BOOL_CONVERSION = YES;
				CLANG_WARN_COMMA = YES;
				CLANG_WARN_CONSTANT_CONVERSION = YES;
				CLANG_WARN_DEPRECATED_OBJC_IMPLEMENTATIONS = YES;
				CLANG_WARN_DIRECT_OBJC_ISA_USAGE = YES_ERROR;
				CLANG_WARN_DOCUMENTATION_COMMENTS = YES;
				CLANG_WARN_EMPTY_BODY = YES;
				CLANG_WARN_ENUM_CONVERSION = YES;
				CLANG_WARN_INFINITE_RECURSION = YES;
				CLANG_WARN_INT_CONVERSION = YES;
				CLANG_WARN_NON_LITERAL_NULL_CONVERSION = YES;
				CLANG_WARN_OBJC_IMPLICIT_RETAIN_SELF = YES;
				CLANG_WARN_OBJC_LITERAL_CONVERSION = YES;
				CLANG_WARN_OBJC_ROOT_CLASS = YES_ERROR;
				CLANG_WARN_QUOTED_INCLUDE_IN_FRAMEWORK_HEADER = YES;
				CLANG_WARN_RANGE_LOOP_ANALYSIS = YES;
				CLANG_WARN_STRICT_PROTOTYPES = YES;
				CLANG_WARN_SUSPICIOUS_MOVE = YES;
				CLANG_WARN_UNGUARDED_AVAILABILITY = YES_AGGRESSIVE;
				CLANG_WARN_UNREACHABLE_CODE = YES;
				CLANG_WARN__DUPLICATE_METHOD_MATCH = YES;
				COPY_PHASE_STRIP = NO;
				DEBUG_INFORMATION_FORMAT = "dwarf-with-dsym";
				ENABLE_NS_ASSERTIONS = NO;
				ENABLE_STRICT_OBJC_MSGSEND = YES;
				GCC_C_LANGUAGE_STANDARD = gnu11;
				GCC_NO_COMMON_BLOCKS = YES;
				GCC_WARN_64_TO_32_BIT_CONVERSION = YES;
				GCC_WARN_ABOUT_RETURN_TYPE = YES_ERROR;
				GCC_WARN_UNDECLARED_SELECTOR = YES;
				GCC_WARN_UNINITIALIZED_AUTOS = YES_AGGRESSIVE;
				GCC_WARN_UNUSED_FUNCTION = YES;
				GCC_WARN_UNUSED_VARIABLE = YES;
				IPHONEOS_DEPLOYMENT_TARGET = 15.0;
				MTL_ENABLE_DEBUG_INFO = NO;
				MTL_FAST_MATH = YES;
				SDKROOT = iphoneos;
				SWIFT_COMPILATION_MODE = wholemodule;
				SWIFT_OPTIMIZATION_LEVEL = "-O";
				VALIDATE_PRODUCT = YES;
			};
			name = Release;
		};
		06AFAF9F28BE093D00EF33FD /* Debug */ = {
			isa = XCBuildConfiguration;
			buildSettings = {
				ASSETCATALOG_COMPILER_APPICON_NAME = AppIcon;
				ASSETCATALOG_COMPILER_GLOBAL_ACCENT_COLOR_NAME = AccentColor;
				CODE_SIGN_STYLE = Automatic;
				CURRENT_PROJECT_VERSION = 1;
				DEVELOPMENT_ASSET_PATHS = "\"AppleServiceCurrent/Preview Content\"";
				DEVELOPMENT_TEAM = 6S52LG3NA5;
				ENABLE_PREVIEWS = YES;
				GENERATE_INFOPLIST_FILE = YES;
				INFOPLIST_KEY_UIApplicationSceneManifest_Generation = YES;
				INFOPLIST_KEY_UIApplicationSupportsIndirectInputEvents = YES;
				INFOPLIST_KEY_UILaunchScreen_Generation = YES;
				INFOPLIST_KEY_UISupportedInterfaceOrientations_iPad = "UIInterfaceOrientationPortrait UIInterfaceOrientationPortraitUpsideDown UIInterfaceOrientationLandscapeLeft UIInterfaceOrientationLandscapeRight";
				INFOPLIST_KEY_UISupportedInterfaceOrientations_iPhone = "UIInterfaceOrientationPortrait UIInterfaceOrientationLandscapeLeft UIInterfaceOrientationLandscapeRight";
				LD_RUNPATH_SEARCH_PATHS = (
					"$(inherited)",
					"@executable_path/Frameworks",
				);
				MARKETING_VERSION = 1.0.0;
				PRODUCT_BUNDLE_IDENTIFIER = com.shensven.AppleServiceCurrent;
				PRODUCT_NAME = ServCurrent;
				SWIFT_EMIT_LOC_STRINGS = YES;
				SWIFT_VERSION = 5.0;
				TARGETED_DEVICE_FAMILY = "1,2";
			};
			name = Debug;
		};
		06AFAFA028BE093D00EF33FD /* Release */ = {
			isa = XCBuildConfiguration;
			buildSettings = {
				ASSETCATALOG_COMPILER_APPICON_NAME = AppIcon;
				ASSETCATALOG_COMPILER_GLOBAL_ACCENT_COLOR_NAME = AccentColor;
				CODE_SIGN_IDENTITY = "iPhone Distribution";
				CODE_SIGN_STYLE = Manual;
				CURRENT_PROJECT_VERSION = 1;
				DEVELOPMENT_ASSET_PATHS = "\"AppleServiceCurrent/Preview Content\"";
				DEVELOPMENT_TEAM = 6S52LG3NA5;
				ENABLE_PREVIEWS = YES;
				GENERATE_INFOPLIST_FILE = YES;
				INFOPLIST_KEY_UIApplicationSceneManifest_Generation = YES;
				INFOPLIST_KEY_UIApplicationSupportsIndirectInputEvents = YES;
				INFOPLIST_KEY_UILaunchScreen_Generation = YES;
				INFOPLIST_KEY_UISupportedInterfaceOrientations_iPad = "UIInterfaceOrientationPortrait UIInterfaceOrientationPortraitUpsideDown UIInterfaceOrientationLandscapeLeft UIInterfaceOrientationLandscapeRight";
				INFOPLIST_KEY_UISupportedInterfaceOrientations_iPhone = "UIInterfaceOrientationPortrait UIInterfaceOrientationLandscapeLeft UIInterfaceOrientationLandscapeRight";
				LD_RUNPATH_SEARCH_PATHS = (
					"$(inherited)",
					"@executable_path/Frameworks",
				);
				MARKETING_VERSION = 1.0.0;
				PRODUCT_BUNDLE_IDENTIFIER = com.shensven.AppleServiceCurrent;
				PRODUCT_NAME = ServCurrent;
				PROVISIONING_PROFILE_SPECIFIER = "AppleServiceCurrent Distribution";
				SWIFT_EMIT_LOC_STRINGS = YES;
				SWIFT_VERSION = 5.0;
				TARGETED_DEVICE_FAMILY = "1,2";
			};
			name = Release;
		};
/* End XCBuildConfiguration section */

/* Begin XCConfigurationList section */
		06AFAF8B28BE093B00EF33FD /* Build configuration list for PBXProject "AppleServiceCurrent" */ = {
			isa = XCConfigurationList;
			buildConfigurations = (
				06AFAF9C28BE093D00EF33FD /* Debug */,
				06AFAF9D28BE093D00EF33FD /* Release */,
			);
			defaultConfigurationIsVisible = 0;
			defaultConfigurationName = Release;
		};
		06AFAF9E28BE093D00EF33FD /* Build configuration list for PBXNativeTarget "AppleServiceCurrent" */ = {
			isa = XCConfigurationList;
			buildConfigurations = (
				06AFAF9F28BE093D00EF33FD /* Debug */,
				06AFAFA028BE093D00EF33FD /* Release */,
			);
			defaultConfigurationIsVisible = 0;
			defaultConfigurationName = Release;
		};
/* End XCConfigurationList section */

/* Begin XCRemoteSwiftPackageReference section */
		066134EC28DC8817000C01B7 /* XCRemoteSwiftPackageReference "Alamofire" */ = {
			isa = XCRemoteSwiftPackageReference;
			repositoryURL = "https://github.com/Alamofire/Alamofire.git";
			requirement = {
				kind = upToNextMajorVersion;
				minimumVersion = 5.0.0;
			};
		};
/* End XCRemoteSwiftPackageReference section */

/* Begin XCSwiftPackageProductDependency section */
		066134ED28DC8817000C01B7 /* Alamofire */ = {
			isa = XCSwiftPackageProductDependency;
			package = 066134EC28DC8817000C01B7 /* XCRemoteSwiftPackageReference "Alamofire" */;
			productName = Alamofire;
		};
/* End XCSwiftPackageProductDependency section */
	};
	rootObject = 06AFAF8828BE093B00EF33FD /* Project object */;
}
